
Microsoft Visual Studio Solution File, Format Version 12.00
# Visual Studio Version 16
VisualStudioVersion = 16.0.30128.74
MinimumVisualStudioVersion = 10.0.40219.1
Project("{FAE04EC0-301F-11D3-BF4B-00C04F79EFBC}") = "CarSales.Web", "CarSales.Web\CarSales.Web.csproj", "{CDC1EBD8-D5E2-441F-97CD-2163306456F7}"
EndProject
Global
	GlobalSection(SolutionConfigurationPlatforms) = preSolution
		Debug|Any CPU = Debug|Any CPU
		Release|Any CPU = Release|Any CPU
	EndGlobalSection
	GlobalSection(ProjectConfigurationPlatforms) = postSolution
		{CDC1EBD8-D5E2-441F-97CD-2163306456F7}.Debug|Any CPU.ActiveCfg = Debug|Any CPU
		{CDC1EBD8-D5E2-441F-97CD-2163306456F7}.Debug|Any CPU.Build.0 = Debug|Any CPU
		{CDC1EBD8-D5E2-441F-97CD-2163306456F7}.Release|Any CPU.ActiveCfg = Release|Any CPU
		{CDC1EBD8-D5E2-441F-97CD-2163306456F7}.Release|Any CPU.Build.0 = Release|Any CPU
	EndGlobalSection
	GlobalSection(SolutionProperties) = preSolution
		HideSolutionNode = FALSE
	EndGlobalSection
	GlobalSection(ExtensibilityGlobals) = postSolution
		SolutionGuid = {4C8A0E7C-431F-4797-9667-EC19C1EB6EC3}
	EndGlobalSection
EndGlobal
